<Solution>
  <Folder Name="/Sample001/">
    <Project Path="Sample001/SampleApp001/SampleApp001.csproj" Id="ffc7b63e-76e7-4ac6-9c06-04a2affe33fa" />
    <Project Path="Sample001/SampleLibrary001/SampleLibrary001.csproj" Id="56191bb3-681d-49bd-b58a-ca29cdc63d0a" />
  </Folder>
  <Folder Name="/Sample002/">
    <Project Path="Sample002/SampleApp002/SampleApp002.csproj" Id="4e20b185-0311-480b-9204-df426eeb9237" />
    <Project Path="Sample002/SampleLibrary002/SampleLibrary002.csproj" Id="f0bd8991-b446-4e4e-b206-47f3452ce61c" />
  </Folder>
  <Folder Name="/Sample003/">
    <Project Path="Sample003/SampleApp003/SampleApp003.csproj" Id="c01cf9bc-094a-412f-995f-e243289de9c3" />
    <Project Path="Sample003/SampleLibrary003/SampleLibrary003.csproj" Id="b6666c67-7ed5-4025-a2c2-3ff4895844b4" />
  </Folder>
  <Folder Name="/Sample004/">
    <Project Path="Sample004/SampleApp004/SampleApp004.csproj" Id="2207b356-2065-48a8-aab2-50db3d8fd455" />
    <Project Path="Sample004/SampleLibrary004/SampleLibrary004.csproj" Id="484c3dff-3df0-48ef-9b38-a23407c0e50d" />
  </Folder>
</Solution>
