<Solution>
  <Folder Name="/Sample001/">
    <Project Path="Sample001/SampleApp001/SampleApp001.csproj" Id="ffc7b63e-76e7-4ac6-9c06-04a2affe33fa" />
    <Project Path="Sample001/SampleLibrary001/SampleLibrary001.csproj" Id="56191bb3-681d-49bd-b58a-ca29cdc63d0a" />
  </Folder>
  <Folder Name="/Sample002/">
    <Project Path="Sample002/SampleApp002/SampleApp002.csproj" Id="4e20b185-0311-480b-9204-df426eeb9237" />
    <Project Path="Sample002/SampleLibrary002/SampleLibrary002.csproj" Id="f0bd8991-b446-4e4e-b206-47f3452ce61c" />
  </Folder>
  <Folder Name="/Sample003/">
    <Project Path="Sample003/SampleApp003/SampleApp003.csproj" Id="c01cf9bc-094a-412f-995f-e243289de9c3" />
    <Project Path="Sample003/SampleLibrary003/SampleLibrary003.csproj" Id="b6666c67-7ed5-4025-a2c2-3ff4895844b4" />
  </Folder>
  <Folder Name="/Sample004/">
    <Project Path="Sample004/SampleApp004/SampleApp004.csproj" Id="2207b356-2065-48a8-aab2-50db3d8fd455" />
    <Project Path="Sample004/SampleLibrary004/SampleLibrary004.csproj" Id="484c3dff-3df0-48ef-9b38-a23407c0e50d" />
  </Folder>
  <Folder Name="/Sample005/">
    <Project Path="Sample005/SampleApp005/SampleApp005.csproj" Id="b27c6ab1-dbf3-4e7a-8ae9-d646ea7286ea" />
    <Project Path="Sample005/SampleLibrary005/SampleLibrary005.csproj" Id="9b0b02f9-1ac8-40e9-a3e9-2bb7a5222a70" />
  </Folder>
  <Folder Name="/Sample006/">
    <Project Path="Sample006/SampleApp006/SampleApp006.csproj" Id="2cc67bfb-4048-45e9-93bb-533e12b520f6" />
    <Project Path="Sample006/SampleLibrary006/SampleLibrary006.csproj" Id="be4557e0-2680-4c6e-a4a4-5dd6f8998b3a" />
  </Folder>
</Solution>
